// !$*UTF8*$!
{
	archiveVersion = 1;
	classes = {
	};
	objectVersion = 48;
	objects = {

/* Begin PBXBuildFile section */
		9F2E289D205A0EFF007668A1 /* SelfieCell.swift in Sources */ = {isa = PBXBuildFile; fileRef = 9F2E289C205A0EFF007668A1 /* SelfieCell.swift */; };
		9F67BECF2050EA570054D216 /* User.swift in Sources */ = {isa = PBXBuildFile; fileRef = 9F67BECE2050EA570054D216 /* User.swift */; };
		9F67BED12050ECB40054D216 /* Post.swift in Sources */ = {isa = PBXBuildFile; fileRef = 9F67BED02050ECB40054D216 /* Post.swift */; };
		9FA285EA204E5482001D4CD7 /* ProfileViewController.swift in Sources */ = {isa = PBXBuildFile; fileRef = 9FA285E9204E5482001D4CD7 /* ProfileViewController.swift */; };
		9FE6F40D20576C9D00350E32 /* FeedTableTableViewController.swift in Sources */ = {isa = PBXBuildFile; fileRef = 9FE6F40C20576C9D00350E32 /* FeedTableTableViewController.swift */; };
		9FF1EACA2047A63C00A0CD5C /* AppDelegate.swift in Sources */ = {isa = PBXBuildFile; fileRef = 9FF1EAC92047A63C00A0CD5C /* AppDelegate.swift */; };
		9FF1EACC2047A63C00A0CD5C /* ViewController.swift in Sources */ = {isa = PBXBuildFile; fileRef = 9FF1EACB2047A63C00A0CD5C /* ViewController.swift */; };
		9FF1EACF2047A63C00A0CD5C /* Main.storyboard in Resources */ = {isa = PBXBuildFile; fileRef = 9FF1EACD2047A63C00A0CD5C /* Main.storyboard */; };
		9FF1EAD12047A63C00A0CD5C /* Assets.xcassets in Resources */ = {isa = PBXBuildFile; fileRef = 9FF1EAD02047A63C00A0CD5C /* Assets.xcassets */; };
		9FF1EAD42047A63C00A0CD5C /* LaunchScreen.storyboard in Resources */ = {isa = PBXBuildFile; fileRef = 9FF1EAD22047A63C00A0CD5C /* LaunchScreen.storyboard */; };
		9FF1EADF2047A63D00A0CD5C /* SelfigramTests.swift in Sources */ = {isa = PBXBuildFile; fileRef = 9FF1EADE2047A63D00A0CD5C /* SelfigramTests.swift */; };
		9FF1EAEA2047A63D00A0CD5C /* SelfigramUITests.swift in Sources */ = {isa = PBXBuildFile; fileRef = 9FF1EAE92047A63D00A0CD5C /* SelfigramUITests.swift */; };
		BABAEEF75CFBF32EAC267CAB /* Pods_Selfigram.framework in Frameworks */ = {isa = PBXBuildFile; fileRef = 7A76D4AF8961E934DF9CE32D /* Pods_Selfigram.framework */; };
/* End PBXBuildFile section */

/* Begin PBXContainerItemProxy section */
		9FF1EADB2047A63C00A0CD5C /* PBXContainerItemProxy */ = {
			isa = PBXContainerItemProxy;
			containerPortal = 9FF1EABE2047A63C00A0CD5C /* Project object */;
			proxyType = 1;
			remoteGlobalIDString = 9FF1EAC52047A63C00A0CD5C;
			remoteInfo = Selfigram;
		};
		9FF1EAE62047A63D00A0CD5C /* PBXContainerItemProxy */ = {
			isa = PBXContainerItemProxy;
			containerPortal = 9FF1EABE2047A63C00A0CD5C /* Project object */;
			proxyType = 1;
			remoteGlobalIDString = 9FF1EAC52047A63C00A0CD5C;
			remoteInfo = Selfigram;
		};
/* End PBXContainerItemProxy section */

/* Begin PBXFileReference section */
		7A76D4AF8961E934DF9CE32D /* Pods_Selfigram.framework */ = {isa = PBXFileReference; explicitFileType = wrapper.framework; includeInIndex = 0; path = Pods_Selfigram.framework; sourceTree = BUILT_PRODUCTS_DIR; };
		9F2E289C205A0EFF007668A1 /* SelfieCell.swift */ = {isa = PBXFileReference; lastKnownFileType = sourcecode.swift; path = SelfieCell.swift; sourceTree = "<group>"; };
		9F67BECE2050EA570054D216 /* User.swift */ = {isa = PBXFileReference; lastKnownFileType = sourcecode.swift; path = User.swift; sourceTree = "<group>"; };
		9F67BED02050ECB40054D216 /* Post.swift */ = {isa = PBXFileReference; lastKnownFileType = sourcecode.swift; path = Post.swift; sourceTree = "<group>"; };
		9FA285E9204E5482001D4CD7 /* ProfileViewController.swift */ = {isa = PBXFileReference; lastKnownFileType = sourcecode.swift; path = ProfileViewController.swift; sourceTree = "<group>"; };
		9FE6F40C20576C9D00350E32 /* FeedTableTableViewController.swift */ = {isa = PBXFileReference; lastKnownFileType = sourcecode.swift; path = FeedTableTableViewController.swift; sourceTree = "<group>"; };
		9FF1EAC62047A63C00A0CD5C /* Selfigram.app */ = {isa = PBXFileReference; explicitFileType = wrapper.application; includeInIndex = 0; path = Selfigram.app; sourceTree = BUILT_PRODUCTS_DIR; };
		9FF1EAC92047A63C00A0CD5C /* AppDelegate.swift */ = {isa = PBXFileReference; lastKnownFileType = sourcecode.swift; path = AppDelegate.swift; sourceTree = "<group>"; };
		9FF1EACB2047A63C00A0CD5C /* ViewController.swift */ = {isa = PBXFileReference; lastKnownFileType = sourcecode.swift; path = ViewController.swift; sourceTree = "<group>"; };
		9FF1EACE2047A63C00A0CD5C /* Base */ = {isa = PBXFileReference; lastKnownFileType = file.storyboard; name = Base; path = Base.lproj/Main.storyboard; sourceTree = "<group>"; };
		9FF1EAD02047A63C00A0CD5C /* Assets.xcassets */ = {isa = PBXFileReference; lastKnownFileType = folder.assetcatalog; path = Assets.xcassets; sourceTree = "<group>"; };
		9FF1EAD32047A63C00A0CD5C /* Base */ = {isa = PBXFileReference; lastKnownFileType = file.storyboard; name = Base; path = Base.lproj/LaunchScreen.storyboard; sourceTree = "<group>"; };
		9FF1EAD52047A63C00A0CD5C /* Info.plist */ = {isa = PBXFileReference; lastKnownFileType = text.plist.xml; path = Info.plist; sourceTree = "<group>"; };
		9FF1EADA2047A63C00A0CD5C /* SelfigramTests.xctest */ = {isa = PBXFileReference; explicitFileType = wrapper.cfbundle; includeInIndex = 0; path = SelfigramTests.xctest; sourceTree = BUILT_PRODUCTS_DIR; };
		9FF1EADE2047A63D00A0CD5C /* SelfigramTests.swift */ = {isa = PBXFileReference; lastKnownFileType = sourcecode.swift; path = SelfigramTests.swift; sourceTree = "<group>"; };
		9FF1EAE02047A63D00A0CD5C /* Info.plist */ = {isa = PBXFileReference; lastKnownFileType = text.plist.xml; path = Info.plist; sourceTree = "<group>"; };
		9FF1EAE52047A63D00A0CD5C /* SelfigramUITests.xctest */ = {isa = PBXFileReference; explicitFileType = wrapper.cfbundle; includeInIndex = 0; path = SelfigramUITests.xctest; sourceTree = BUILT_PRODUCTS_DIR; };
		9FF1EAE92047A63D00A0CD5C /* SelfigramUITests.swift */ = {isa = PBXFileReference; lastKnownFileType = sourcecode.swift; path = SelfigramUITests.swift; sourceTree = "<group>"; };
		9FF1EAEB2047A63D00A0CD5C /* Info.plist */ = {isa = PBXFileReference; lastKnownFileType = text.plist.xml; path = Info.plist; sourceTree = "<group>"; };
		A0D01AA23E2EB7548FD6BA8F /* Pods-Selfigram.debug.xcconfig */ = {isa = PBXFileReference; includeInIndex = 1; lastKnownFileType = text.xcconfig; name = "Pods-Selfigram.debug.xcconfig"; path = "Pods/Target Support Files/Pods-Selfigram/Pods-Selfigram.debug.xcconfig"; sourceTree = "<group>"; };
		EC129F228DCBDAA871A84A6A /* Pods-Selfigram.release.xcconfig */ = {isa = PBXFileReference; includeInIndex = 1; lastKnownFileType = text.xcconfig; name = "Pods-Selfigram.release.xcconfig"; path = "Pods/Target Support Files/Pods-Selfigram/Pods-Selfigram.release.xcconfig"; sourceTree = "<group>"; };
/* End PBXFileReference section */

/* Begin PBXFrameworksBuildPhase section */
		9FF1EAC32047A63C00A0CD5C /* Frameworks */ = {
			isa = PBXFrameworksBuildPhase;
			buildActionMask = 2147483647;
			files = (
				BABAEEF75CFBF32EAC267CAB /* Pods_Selfigram.framework in Frameworks */,
			);
			runOnlyForDeploymentPostprocessing = 0;
		};
		9FF1EAD72047A63C00A0CD5C /* Frameworks */ = {
			isa = PBXFrameworksBuildPhase;
			buildActionMask = 2147483647;
			files = (
			);
			runOnlyForDeploymentPostprocessing = 0;
		};
		9FF1EAE22047A63D00A0CD5C /* Frameworks */ = {
			isa = PBXFrameworksBuildPhase;
			buildActionMask = 2147483647;
			files = (
			);
			runOnlyForDeploymentPostprocessing = 0;
		};
/* End PBXFrameworksBuildPhase section */

/* Begin PBXGroup section */
		458B668A26FEBABD15093BE6 /* Pods */ = {
			isa = PBXGroup;
			children = (
				A0D01AA23E2EB7548FD6BA8F /* Pods-Selfigram.debug.xcconfig */,
				EC129F228DCBDAA871A84A6A /* Pods-Selfigram.release.xcconfig */,
			);
			name = Pods;
			sourceTree = "<group>";
		};
		9FF1EABD2047A63C00A0CD5C = {
			isa = PBXGroup;
			children = (
				9F67BECE2050EA570054D216 /* User.swift */,
				9F67BED02050ECB40054D216 /* Post.swift */,
				9FE6F40C20576C9D00350E32 /* FeedTableTableViewController.swift */,
				9FF1EAC82047A63C00A0CD5C /* Selfigram */,
				9FF1EADD2047A63D00A0CD5C /* SelfigramTests */,
				9FF1EAE82047A63D00A0CD5C /* SelfigramUITests */,
				9FF1EAC72047A63C00A0CD5C /* Products */,
				458B668A26FEBABD15093BE6 /* Pods */,
				B79729A28DD4123316BDF08F /* Frameworks */,
			);
			sourceTree = "<group>";
		};
		9FF1EAC72047A63C00A0CD5C /* Products */ = {
			isa = PBXGroup;
			children = (
				9FF1EAC62047A63C00A0CD5C /* Selfigram.app */,
				9FF1EADA2047A63C00A0CD5C /* SelfigramTests.xctest */,
				9FF1EAE52047A63D00A0CD5C /* SelfigramUITests.xctest */,
			);
			name = Products;
			sourceTree = "<group>";
		};
		9FF1EAC82047A63C00A0CD5C /* Selfigram */ = {
			isa = PBXGroup;
			children = (
				9FF1EAC92047A63C00A0CD5C /* AppDelegate.swift */,
				9FF1EACB2047A63C00A0CD5C /* ViewController.swift */,
				9FF1EACD2047A63C00A0CD5C /* Main.storyboard */,
				9FA285E9204E5482001D4CD7 /* ProfileViewController.swift */,
				9FF1EAD02047A63C00A0CD5C /* Assets.xcassets */,
				9F2E289C205A0EFF007668A1 /* SelfieCell.swift */,
				9FF1EAD22047A63C00A0CD5C /* LaunchScreen.storyboard */,
				9FF1EAD52047A63C00A0CD5C /* Info.plist */,
			);
			path = Selfigram;
			sourceTree = "<group>";
		};
		9FF1EADD2047A63D00A0CD5C /* SelfigramTests */ = {
			isa = PBXGroup;
			children = (
				9FF1EADE2047A63D00A0CD5C /* SelfigramTests.swift */,
				9FF1EAE02047A63D00A0CD5C /* Info.plist */,
			);
			path = SelfigramTests;
			sourceTree = "<group>";
		};
		9FF1EAE82047A63D00A0CD5C /* SelfigramUITests */ = {
			isa = PBXGroup;
			children = (
				9FF1EAE92047A63D00A0CD5C /* SelfigramUITests.swift */,
				9FF1EAEB2047A63D00A0CD5C /* Info.plist */,
			);
			path = SelfigramUITests;
			sourceTree = "<group>";
		};
		B79729A28DD4123316BDF08F /* Frameworks */ = {
			isa = PBXGroup;
			children = (
				7A76D4AF8961E934DF9CE32D /* Pods_Selfigram.framework */,
			);
			name = Frameworks;
			sourceTree = "<group>";
		};
/* End PBXGroup section */

/* Begin PBXNativeTarget section */
		9FF1EAC52047A63C00A0CD5C /* Selfigram */ = {
			isa = PBXNativeTarget;
			buildConfigurationList = 9FF1EAEE2047A63D00A0CD5C /* Build configuration list for PBXNativeTarget "Selfigram" */;
			buildPhases = (
				F9BD3701C7750C90AC541260 /* [CP] Check Pods Manifest.lock */,
				9FF1EAC22047A63C00A0CD5C /* Sources */,
				9FF1EAC32047A63C00A0CD5C /* Frameworks */,
				9FF1EAC42047A63C00A0CD5C /* Resources */,
				6C529687401CB7719B727F1C /* [CP] Embed Pods Frameworks */,
				818387FEAF1879302295354A /* [CP] Copy Pods Resources */,
			);
			buildRules = (
			);
			dependencies = (
			);
			name = Selfigram;
			productName = Selfigram;
			productReference = 9FF1EAC62047A63C00A0CD5C /* Selfigram.app */;
			productType = "com.apple.product-type.application";
		};
		9FF1EAD92047A63C00A0CD5C /* SelfigramTests */ = {
			isa = PBXNativeTarget;
			buildConfigurationList = 9FF1EAF12047A63D00A0CD5C /* Build configuration list for PBXNativeTarget "SelfigramTests" */;
			buildPhases = (
				9FF1EAD62047A63C00A0CD5C /* Sources */,
				9FF1EAD72047A63C00A0CD5C /* Frameworks */,
				9FF1EAD82047A63C00A0CD5C /* Resources */,
			);
			buildRules = (
			);
			dependencies = (
				9FF1EADC2047A63C00A0CD5C /* PBXTargetDependency */,
			);
			name = SelfigramTests;
			productName = SelfigramTests;
			productReference = 9FF1EADA2047A63C00A0CD5C /* SelfigramTests.xctest */;
			productType = "com.apple.product-type.bundle.unit-test";
		};
		9FF1EAE42047A63D00A0CD5C /* SelfigramUITests */ = {
			isa = PBXNativeTarget;
			buildConfigurationList = 9FF1EAF42047A63D00A0CD5C /* Build configuration list for PBXNativeTarget "SelfigramUITests" */;
			buildPhases = (
				9FF1EAE12047A63D00A0CD5C /* Sources */,
				9FF1EAE22047A63D00A0CD5C /* Frameworks */,
				9FF1EAE32047A63D00A0CD5C /* Resources */,
			);
			buildRules = (
			);
			dependencies = (
				9FF1EAE72047A63D00A0CD5C /* PBXTargetDependency */,
			);
			name = SelfigramUITests;
			productName = SelfigramUITests;
			productReference = 9FF1EAE52047A63D00A0CD5C /* SelfigramUITests.xctest */;
			productType = "com.apple.product-type.bundle.ui-testing";
		};
/* End PBXNativeTarget section */

/* Begin PBXProject section */
		9FF1EABE2047A63C00A0CD5C /* Project object */ = {
			isa = PBXProject;
			attributes = {
				LastSwiftUpdateCheck = 0920;
				LastUpgradeCheck = 0920;
				ORGANIZATIONNAME = "Maggie Drinkwater";
				TargetAttributes = {
					9FF1EAC52047A63C00A0CD5C = {
						CreatedOnToolsVersion = 9.2;
						ProvisioningStyle = Automatic;
					};
					9FF1EAD92047A63C00A0CD5C = {
						CreatedOnToolsVersion = 9.2;
						ProvisioningStyle = Automatic;
						TestTargetID = 9FF1EAC52047A63C00A0CD5C;
					};
					9FF1EAE42047A63D00A0CD5C = {
						CreatedOnToolsVersion = 9.2;
						ProvisioningStyle = Automatic;
						TestTargetID = 9FF1EAC52047A63C00A0CD5C;
					};
				};
			};
			buildConfigurationList = 9FF1EAC12047A63C00A0CD5C /* Build configuration list for PBXProject "Selfigram" */;
			compatibilityVersion = "Xcode 8.0";
			developmentRegion = en;
			hasScannedForEncodings = 0;
			knownRegions = (
				en,
				Base,
			);
			mainGroup = 9FF1EABD2047A63C00A0CD5C;
			productRefGroup = 9FF1EAC72047A63C00A0CD5C /* Products */;
			projectDirPath = "";
			projectRoot = "";
			targets = (
				9FF1EAC52047A63C00A0CD5C /* Selfigram */,
				9FF1EAD92047A63C00A0CD5C /* SelfigramTests */,
				9FF1EAE42047A63D00A0CD5C /* SelfigramUITests */,
			);
		};
/* End PBXProject section */

/* Begin PBXResourcesBuildPhase section */
		9FF1EAC42047A63C00A0CD5C /* Resources */ = {
			isa = PBXResourcesBuildPhase;
			buildActionMask = 2147483647;
			files = (
				9FF1EAD42047A63C00A0CD5C /* LaunchScreen.storyboard in Resources */,
				9FF1EAD12047A63C00A0CD5C /* Assets.xcassets in Resources */,
				9FF1EACF2047A63C00A0CD5C /* Main.storyboard in Resources */,
			);
			runOnlyForDeploymentPostprocessing = 0;
		};
		9FF1EAD82047A63C00A0CD5C /* Resources */ = {
			isa = PBXResourcesBuildPhase;
			buildActionMask = 2147483647;
			files = (
			);
			runOnlyForDeploymentPostprocessing = 0;
		};
		9FF1EAE32047A63D00A0CD5C /* Resources */ = {
			isa = PBXResourcesBuildPhase;
			buildActionMask = 2147483647;
			files = (
			);
			runOnlyForDeploymentPostprocessing = 0;
		};
/* End PBXResourcesBuildPhase section */

/* Begin PBXShellScriptBuildPhase section */
		6C529687401CB7719B727F1C /* [CP] Embed Pods Frameworks */ = {
			isa = PBXShellScriptBuildPhase;
			buildActionMask = 2147483647;
			files = (
			);
			inputPaths = (
				"${SRCROOT}/Pods/Target Support Files/Pods-Selfigram/Pods-Selfigram-frameworks.sh",
				"${BUILT_PRODUCTS_DIR}/Bolts/Bolts.framework",
				"${BUILT_PRODUCTS_DIR}/Parse/Parse.framework",
			);
			name = "[CP] Embed Pods Frameworks";
			outputPaths = (
				"${TARGET_BUILD_DIR}/${FRAMEWORKS_FOLDER_PATH}/Bolts.framework",
				"${TARGET_BUILD_DIR}/${FRAMEWORKS_FOLDER_PATH}/Parse.framework",
			);
			runOnlyForDeploymentPostprocessing = 0;
			shellPath = /bin/sh;
			shellScript = "\"${SRCROOT}/Pods/Target Support Files/Pods-Selfigram/Pods-Selfigram-frameworks.sh\"\n";
			showEnvVarsInLog = 0;
		};
		818387FEAF1879302295354A /* [CP] Copy Pods Resources */ = {
			isa = PBXShellScriptBuildPhase;
			buildActionMask = 2147483647;
			files = (
			);
			inputPaths = (
			);
			name = "[CP] Copy Pods Resources";
			outputPaths = (
			);
			runOnlyForDeploymentPostprocessing = 0;
			shellPath = /bin/sh;
			shellScript = "\"${SRCROOT}/Pods/Target Support Files/Pods-Selfigram/Pods-Selfigram-resources.sh\"\n";
			showEnvVarsInLog = 0;
		};
		F9BD3701C7750C90AC541260 /* [CP] Check Pods Manifest.lock */ = {
			isa = PBXShellScriptBuildPhase;
			buildActionMask = 2147483647;
			files = (
			);
			inputPaths = (
				"${PODS_PODFILE_DIR_PATH}/Podfile.lock",
				"${PODS_ROOT}/Manifest.lock",
			);
			name = "[CP] Check Pods Manifest.lock";
			outputPaths = (
				"$(DERIVED_FILE_DIR)/Pods-Selfigram-checkManifestLockResult.txt",
			);
			runOnlyForDeploymentPostprocessing = 0;
			shellPath = /bin/sh;
			shellScript = "diff \"${PODS_PODFILE_DIR_PATH}/Podfile.lock\" \"${PODS_ROOT}/Manifest.lock\" > /dev/null\nif [ $? != 0 ] ; then\n    # print error to STDERR\n    echo \"error: The sandbox is not in sync with the Podfile.lock. Run 'pod install' or update your CocoaPods installation.\" >&2\n    exit 1\nfi\n# This output is used by Xcode 'outputs' to avoid re-running this script phase.\necho \"SUCCESS\" > \"${SCRIPT_OUTPUT_FILE_0}\"\n";
			showEnvVarsInLog = 0;
		};
/* End PBXShellScriptBuildPhase section */

/* Begin PBXSourcesBuildPhase section */
		9FF1EAC22047A63C00A0CD5C /* Sources */ = {
			isa = PBXSourcesBuildPhase;
			buildActionMask = 2147483647;
			files = (
				9F67BECF2050EA570054D216 /* User.swift in Sources */,
				9FA285EA204E5482001D4CD7 /* ProfileViewController.swift in Sources */,
				9F2E289D205A0EFF007668A1 /* SelfieCell.swift in Sources */,
				9FE6F40D20576C9D00350E32 /* FeedTableTableViewController.swift in Sources */,
				9FF1EACC2047A63C00A0CD5C /* ViewController.swift in Sources */,
				9FF1EACA2047A63C00A0CD5C /* AppDelegate.swift in Sources */,
				9F67BED12050ECB40054D216 /* Post.swift in Sources */,
			);
			runOnlyForDeploymentPostprocessing = 0;
		};
		9FF1EAD62047A63C00A0CD5C /* Sources */ = {
			isa = PBXSourcesBuildPhase;
			buildActionMask = 2147483647;
			files = (
				9FF1EADF2047A63D00A0CD5C /* SelfigramTests.swift in Sources */,
			);
			runOnlyForDeploymentPostprocessing = 0;
		};
		9FF1EAE12047A63D00A0CD5C /* Sources */ = {
			isa = PBXSourcesBuildPhase;
			buildActionMask = 2147483647;
			files = (
				9FF1EAEA2047A63D00A0CD5C /* SelfigramUITests.swift in Sources */,
			);
			runOnlyForDeploymentPostprocessing = 0;
		};
/* End PBXSourcesBuildPhase section */

/* Begin PBXTargetDependency section */
		9FF1EADC2047A63C00A0CD5C /* PBXTargetDependency */ = {
			isa = PBXTargetDependency;
			target = 9FF1EAC52047A63C00A0CD5C /* Selfigram */;
			targetProxy = 9FF1EADB2047A63C00A0CD5C /* PBXContainerItemProxy */;
		};
		9FF1EAE72047A63D00A0CD5C /* PBXTargetDependency */ = {
			isa = PBXTargetDependency;
			target = 9FF1EAC52047A63C00A0CD5C /* Selfigram */;
			targetProxy = 9FF1EAE62047A63D00A0CD5C /* PBXContainerItemProxy */;
		};
/* End PBXTargetDependency section */

/* Begin PBXVariantGroup section */
		9FF1EACD2047A63C00A0CD5C /* Main.storyboard */ = {
			isa = PBXVariantGroup;
			children = (
				9FF1EACE2047A63C00A0CD5C /* Base */,
			);
			name = Main.storyboard;
			sourceTree = "<group>";
		};
		9FF1EAD22047A63C00A0CD5C /* LaunchScreen.storyboard */ = {
			isa = PBXVariantGroup;
			children = (
				9FF1EAD32047A63C00A0CD5C /* Base */,
			);
			name = LaunchScreen.storyboard;
			sourceTree = "<group>";
		};
/* End PBXVariantGroup section */

/* Begin XCBuildConfiguration section */
		9FF1EAEC2047A63D00A0CD5C /* Debug */ = {
			isa = XCBuildConfiguration;
			buildSettings = {
				ALWAYS_SEARCH_USER_PATHS = NO;
				CLANG_ANALYZER_NONNULL = YES;
				CLANG_ANALYZER_NUMBER_OBJECT_CONVERSION = YES_AGGRESSIVE;
				CLANG_CXX_LANGUAGE_STANDARD = "gnu++14";
				CLANG_CXX_LIBRARY = "libc++";
				CLANG_ENABLE_MODULES = YES;
				CLANG_ENABLE_OBJC_ARC = YES;
				CLANG_WARN_BLOCK_CAPTURE_AUTORELEASING = YES;
				CLANG_WARN_BOOL_CONVERSION = YES;
				CLANG_WARN_COMMA = YES;
				CLANG_WARN_CONSTANT_CONVERSION = YES;
				CLANG_WARN_DIRECT_OBJC_ISA_USAGE = YES_ERROR;
				CLANG_WARN_DOCUMENTATION_COMMENTS = YES;
				CLANG_WARN_EMPTY_BODY = YES;
				CLANG_WARN_ENUM_CONVERSION = YES;
				CLANG_WARN_INFINITE_RECURSION = YES;
				CLANG_WARN_INT_CONVERSION = YES;
				CLANG_WARN_NON_LITERAL_NULL_CONVERSION = YES;
				CLANG_WARN_OBJC_LITERAL_CONVERSION = YES;
				CLANG_WARN_OBJC_ROOT_CLASS = YES_ERROR;
				CLANG_WARN_RANGE_LOOP_ANALYSIS = YES;
				CLANG_WARN_STRICT_PROTOTYPES = YES;
				CLANG_WARN_SUSPICIOUS_MOVE = YES;
				CLANG_WARN_UNGUARDED_AVAILABILITY = YES_AGGRESSIVE;
				CLANG_WARN_UNREACHABLE_CODE = YES;
				CLANG_WARN__DUPLICATE_METHOD_MATCH = YES;
				CODE_SIGN_IDENTITY = "iPhone Developer";
				COPY_PHASE_STRIP = NO;
				DEBUG_INFORMATION_FORMAT = dwarf;
				ENABLE_STRICT_OBJC_MSGSEND = YES;
				ENABLE_TESTABILITY = YES;
				GCC_C_LANGUAGE_STANDARD = gnu11;
				GCC_DYNAMIC_NO_PIC = NO;
				GCC_NO_COMMON_BLOCKS = YES;
				GCC_OPTIMIZATION_LEVEL = 0;
				GCC_PREPROCESSOR_DEFINITIONS = (
					"DEBUG=1",
					"$(inherited)",
				);
				GCC_WARN_64_TO_32_BIT_CONVERSION = YES;
				GCC_WARN_ABOUT_RETURN_TYPE = YES_ERROR;
				GCC_WARN_UNDECLARED_SELECTOR = YES;
				GCC_WARN_UNINITIALIZED_AUTOS = YES_AGGRESSIVE;
				GCC_WARN_UNUSED_FUNCTION = YES;
				GCC_WARN_UNUSED_VARIABLE = YES;
				IPHONEOS_DEPLOYMENT_TARGET = 11.2;
				MTL_ENABLE_DEBUG_INFO = YES;
				ONLY_ACTIVE_ARCH = YES;
				SDKROOT = iphoneos;
				SWIFT_ACTIVE_COMPILATION_CONDITIONS = DEBUG;
				SWIFT_OPTIMIZATION_LEVEL = "-Onone";
			};
			name = Debug;
		};
		9FF1EAED2047A63D00A0CD5C /* Release */ = {
			isa = XCBuildConfiguration;
			buildSettings = {
				ALWAYS_SEARCH_USER_PATHS = NO;
				CLANG_ANALYZER_NONNULL = YES;
				CLANG_ANALYZER_NUMBER_OBJECT_CONVERSION = YES_AGGRESSIVE;
				CLANG_CXX_LANGUAGE_STANDARD = "gnu++14";
				CLANG_CXX_LIBRARY = "libc++";
				CLANG_ENABLE_MODULES = YES;
				CLANG_ENABLE_OBJC_ARC = YES;
				CLANG_WARN_BLOCK_CAPTURE_AUTORELEASING = YES;
				CLANG_WARN_BOOL_CONVERSION = YES;
				CLANG_WARN_COMMA = YES;
				CLANG_WARN_CONSTANT_CONVERSION = YES;
				CLANG_WARN_DIRECT_OBJC_ISA_USAGE = YES_ERROR;
				CLANG_WARN_DOCUMENTATION_COMMENTS = YES;
				CLANG_WARN_EMPTY_BODY = YES;
				CLANG_WARN_ENUM_CONVERSION = YES;
				CLANG_WARN_INFINITE_RECURSION = YES;
				CLANG_WARN_INT_CONVERSION = YES;
				CLANG_WARN_NON_LITERAL_NULL_CONVERSION = YES;
				CLANG_WARN_OBJC_LITERAL_CONVERSION = YES;
				CLANG_WARN_OBJC_ROOT_CLASS = YES_ERROR;
				CLANG_WARN_RANGE_LOOP_ANALYSIS = YES;
				CLANG_WARN_STRICT_PROTOTYPES = YES;
				CLANG_WARN_SUSPICIOUS_MOVE = YES;
				CLANG_WARN_UNGUARDED_AVAILABILITY = YES_AGGRESSIVE;
				CLANG_WARN_UNREACHABLE_CODE = YES;
				CLANG_WARN__DUPLICATE_METHOD_MATCH = YES;
				CODE_SIGN_IDENTITY = "iPhone Developer";
				COPY_PHASE_STRIP = NO;
				DEBUG_INFORMATION_FORMAT = "dwarf-with-dsym";
				ENABLE_NS_ASSERTIONS = NO;
				ENABLE_STRICT_OBJC_MSGSEND = YES;
				GCC_C_LANGUAGE_STANDARD = gnu11;
				GCC_NO_COMMON_BLOCKS = YES;
				GCC_WARN_64_TO_32_BIT_CONVERSION = YES;
				GCC_WARN_ABOUT_RETURN_TYPE = YES_ERROR;
				GCC_WARN_UNDECLARED_SELECTOR = YES;
				GCC_WARN_UNINITIALIZED_AUTOS = YES_AGGRESSIVE;
				GCC_WARN_UNUSED_FUNCTION = YES;
				GCC_WARN_UNUSED_VARIABLE = YES;
				IPHONEOS_DEPLOYMENT_TARGET = 11.2;
				MTL_ENABLE_DEBUG_INFO = NO;
				SDKROOT = iphoneos;
				SWIFT_OPTIMIZATION_LEVEL = "-Owholemodule";
				VALIDATE_PRODUCT = YES;
			};
			name = Release;
		};
		9FF1EAEF2047A63D00A0CD5C /* Debug */ = {
			isa = XCBuildConfiguration;
			baseConfigurationReference = A0D01AA23E2EB7548FD6BA8F /* Pods-Selfigram.debug.xcconfig */;
			buildSettings = {
				ASSETCATALOG_COMPILER_APPICON_NAME = AppIcon;
				CODE_SIGN_STYLE = Automatic;
				INFOPLIST_FILE = Selfigram/Info.plist;
				LD_RUNPATH_SEARCH_PATHS = "$(inherited) @executable_path/Frameworks";
				PRODUCT_BUNDLE_IDENTIFIER = test.Selfigram;
				PRODUCT_NAME = "$(TARGET_NAME)";
				SWIFT_VERSION = 4.0;
				TARGETED_DEVICE_FAMILY = "1,2";
			};
			name = Debug;
		};
		9FF1EAF02047A63D00A0CD5C /* Release */ = {
			isa = XCBuildConfiguration;
			baseConfigurationReference = EC129F228DCBDAA871A84A6A /* Pods-Selfigram.release.xcconfig */;
			buildSettings = {
				ASSETCATALOG_COMPILER_APPICON_NAME = AppIcon;
				CODE_SIGN_STYLE = Automatic;
				INFOPLIST_FILE = Selfigram/Info.plist;
				LD_RUNPATH_SEARCH_PATHS = "$(inherited) @executable_path/Frameworks";
				PRODUCT_BUNDLE_IDENTIFIER = test.Selfigram;
				PRODUCT_NAME = "$(TARGET_NAME)";
				SWIFT_VERSION = 4.0;
				TARGETED_DEVICE_FAMILY = "1,2";
			};
			name = Release;
		};
		9FF1EAF22047A63D00A0CD5C /* Debug */ = {
			isa = XCBuildConfiguration;
			buildSettings = {
				ALWAYS_EMBED_SWIFT_STANDARD_LIBRARIES = YES;
				BUNDLE_LOADER = "$(TEST_HOST)";
				CODE_SIGN_STYLE = Automatic;
				INFOPLIST_FILE = SelfigramTests/Info.plist;
				LD_RUNPATH_SEARCH_PATHS = "$(inherited) @executable_path/Frameworks @loader_path/Frameworks";
				PRODUCT_BUNDLE_IDENTIFIER = test.SelfigramTests;
				PRODUCT_NAME = "$(TARGET_NAME)";
				SWIFT_VERSION = 4.0;
				TARGETED_DEVICE_FAMILY = "1,2";
				TEST_HOST = "$(BUILT_PRODUCTS_DIR)/Selfigram.app/Selfigram";
			};
			name = Debug;
		};
		9FF1EAF32047A63D00A0CD5C /* Release */ = {
			isa = XCBuildConfiguration;
			buildSettings = {
				ALWAYS_EMBED_SWIFT_STANDARD_LIBRARIES = YES;
				BUNDLE_LOADER = "$(TEST_HOST)";
				CODE_SIGN_STYLE = Automatic;
				INFOPLIST_FILE = SelfigramTests/Info.plist;
				LD_RUNPATH_SEARCH_PATHS = "$(inherited) @executable_path/Frameworks @loader_path/Frameworks";
				PRODUCT_BUNDLE_IDENTIFIER = test.SelfigramTests;
				PRODUCT_NAME = "$(TARGET_NAME)";
				SWIFT_VERSION = 4.0;
				TARGETED_DEVICE_FAMILY = "1,2";
				TEST_HOST = "$(BUILT_PRODUCTS_DIR)/Selfigram.app/Selfigram";
			};
			name = Release;
		};
		9FF1EAF52047A63D00A0CD5C /* Debug */ = {
			isa = XCBuildConfiguration;
			buildSettings = {
				ALWAYS_EMBED_SWIFT_STANDARD_LIBRARIES = YES;
				CODE_SIGN_STYLE = Automatic;
				INFOPLIST_FILE = SelfigramUITests/Info.plist;
				LD_RUNPATH_SEARCH_PATHS = "$(inherited) @executable_path/Frameworks @loader_path/Frameworks";
				PRODUCT_BUNDLE_IDENTIFIER = test.SelfigramUITests;
				PRODUCT_NAME = "$(TARGET_NAME)";
				SWIFT_VERSION = 4.0;
				TARGETED_DEVICE_FAMILY = "1,2";
				TEST_TARGET_NAME = Selfigram;
			};
			name = Debug;
		};
		9FF1EAF62047A63D00A0CD5C /* Release */ = {
			isa = XCBuildConfiguration;
			buildSettings = {
				ALWAYS_EMBED_SWIFT_STANDARD_LIBRARIES = YES;
				CODE_SIGN_STYLE = Automatic;
				INFOPLIST_FILE = SelfigramUITests/Info.plist;
				LD_RUNPATH_SEARCH_PATHS = "$(inherited) @executable_path/Frameworks @loader_path/Frameworks";
				PRODUCT_BUNDLE_IDENTIFIER = test.SelfigramUITests;
				PRODUCT_NAME = "$(TARGET_NAME)";
				SWIFT_VERSION = 4.0;
				TARGETED_DEVICE_FAMILY = "1,2";
				TEST_TARGET_NAME = Selfigram;
			};
			name = Release;
		};
/* End XCBuildConfiguration section */

/* Begin XCConfigurationList section */
		9FF1EAC12047A63C00A0CD5C /* Build configuration list for PBXProject "Selfigram" */ = {
			isa = XCConfigurationList;
			buildConfigurations = (
				9FF1EAEC2047A63D00A0CD5C /* Debug */,
				9FF1EAED2047A63D00A0CD5C /* Release */,
			);
			defaultConfigurationIsVisible = 0;
			defaultConfigurationName = Release;
		};
		9FF1EAEE2047A63D00A0CD5C /* Build configuration list for PBXNativeTarget "Selfigram" */ = {
			isa = XCConfigurationList;
			buildConfigurations = (
				9FF1EAEF2047A63D00A0CD5C /* Debug */,
				9FF1EAF02047A63D00A0CD5C /* Release */,
			);
			defaultConfigurationIsVisible = 0;
			defaultConfigurationName = Release;
		};
		9FF1EAF12047A63D00A0CD5C /* Build configuration list for PBXNativeTarget "SelfigramTests" */ = {
			isa = XCConfigurationList;
			buildConfigurations = (
				9FF1EAF22047A63D00A0CD5C /* Debug */,
				9FF1EAF32047A63D00A0CD5C /* Release */,
			);
			defaultConfigurationIsVisible = 0;
			defaultConfigurationName = Release;
		};
		9FF1EAF42047A63D00A0CD5C /* Build configuration list for PBXNativeTarget "SelfigramUITests" */ = {
			isa = XCConfigurationList;
			buildConfigurations = (
				9FF1EAF52047A63D00A0CD5C /* Debug */,
				9FF1EAF62047A63D00A0CD5C /* Release */,
			);
			defaultConfigurationIsVisible = 0;
			defaultConfigurationName = Release;
		};
/* End XCConfigurationList section */
	};
	rootObject = 9FF1EABE2047A63C00A0CD5C /* Project object */;
}
